{
  "name": "metabase",
  "version": "0.0.0",
  "lockfileVersion": 1,
  "requires": true,
  "dependencies": {
    "c-3po": {
      "version": "0.8.1",
      "resolved": "https://registry.npmjs.org/c-3po/-/c-3po-0.8.1.tgz",
      "integrity": "sha512-bpEJsI/NBQiDrKxshhYcb0noQr8KhDNNvJx6IDdXMFP0x1+5T2FFhVqZxsH4GW74XAKF3dDYSD3ioHU3yKU0pQ==",
      "requires": {
        "dedent": "0.7.0",
        "plural-forms": "0.2.0"
      }
    },
    "dedent": {
      "version": "0.7.0",
      "resolved": "https://registry.npmjs.org/dedent/-/dedent-0.7.0.tgz",
      "integrity": "sha1-JJXduvbrh0q7Dhvp3yLS5aVEMmw="
    },
    "plural-forms": {
      "version": "0.2.0",
      "resolved": "https://registry.npmjs.org/plural-forms/-/plural-forms-0.2.0.tgz",
      "integrity": "sha512-aF/PkDv5yyku4j/BbexSY5+p8Nv3BNWVzCS1o/+t+BVIsDitjOpKayTY4haNjRS2/CMENbr45aIyMC3kBK1ubg=="
    }
  }
}
